
Microsoft Visual Studio Solution File, Format Version 12.00
# Visual Studio Version 16
VisualStudioVersion = 16.0.30002.166
MinimumVisualStudioVersion = 10.0.40219.1
Project("{FAE04EC0-301F-11D3-BF4B-00C04F79EFBC}") = "AuthenticationAndPostingApi", "AuthenticationAndPostingApi.csproj", "{5C0C624F-5CFB-495E-B4E2-B2EF15F5A590}"
EndProject
Global
	GlobalSection(SolutionConfigurationPlatforms) = preSolution
		Debug|Any CPU = Debug|Any CPU
		Release|Any CPU = Release|Any CPU
	EndGlobalSection
	GlobalSection(ProjectConfigurationPlatforms) = postSolution
		{5C0C624F-5CFB-495E-B4E2-B2EF15F5A590}.Debug|Any CPU.ActiveCfg = Debug|Any CPU
		{5C0C624F-5CFB-495E-B4E2-B2EF15F5A590}.Debug|Any CPU.Build.0 = Debug|Any CPU
		{5C0C624F-5CFB-495E-B4E2-B2EF15F5A590}.Release|Any CPU.ActiveCfg = Release|Any CPU
		{5C0C624F-5CFB-495E-B4E2-B2EF15F5A590}.Release|Any CPU.Build.0 = Release|Any CPU
	EndGlobalSection
	GlobalSection(SolutionProperties) = preSolution
		HideSolutionNode = FALSE
	EndGlobalSection
	GlobalSection(ExtensibilityGlobals) = postSolution
		SolutionGuid = {CA209457-9F26-42A6-BB18-42CDB5307ABE}
	EndGlobalSection
EndGlobal
